
Microsoft Visual Studio Solution File, Format Version 12.00
# Visual Studio Version 17
VisualStudioVersion = 17.4.33122.133
MinimumVisualStudioVersion = 10.0.40219.1
Project("{FAE04EC0-301F-11D3-BF4B-00C04F79EFBC}") = "ПР5", "ПР5\ПР5.csproj", "{82796B10-87AA-4AEF-8D14-EBD60EFD217B}"
EndProject
Global
	GlobalSection(SolutionConfigurationPlatforms) = preSolution
		Debug|Any CPU = Debug|Any CPU
		Release|Any CPU = Release|Any CPU
	EndGlobalSection
	GlobalSection(ProjectConfigurationPlatforms) = postSolution
		{82796B10-87AA-4AEF-8D14-EBD60EFD217B}.Debug|Any CPU.ActiveCfg = Debug|Any CPU
		{82796B10-87AA-4AEF-8D14-EBD60EFD217B}.Debug|Any CPU.Build.0 = Debug|Any CPU
		{82796B10-87AA-4AEF-8D14-EBD60EFD217B}.Release|Any CPU.ActiveCfg = Release|Any CPU
		{82796B10-87AA-4AEF-8D14-EBD60EFD217B}.Release|Any CPU.Build.0 = Release|Any CPU
	EndGlobalSection
	GlobalSection(SolutionProperties) = preSolution
		HideSolutionNode = FALSE
	EndGlobalSection
	GlobalSection(ExtensibilityGlobals) = postSolution
		SolutionGuid = {F842EE93-D64F-4F8C-8AD3-1058EBF565D4}
	EndGlobalSection
EndGlobal
